
Microsoft Visual Studio Solution File, Format Version 12.00
# Visual Studio 15
VisualStudioVersion = 15.0.28307.902
MinimumVisualStudioVersion = 10.0.40219.1
Project("{FAE04EC0-301F-11D3-BF4B-00C04F79EFBC}") = "PowerAppCDSHelper", "PowerAppCDSHelper\PowerAppCDSHelper.csproj", "{6FF21379-F8B2-46B4-A60B-79AF38DECFA9}"
EndProject
Project("{FAE04EC0-301F-11D3-BF4B-00C04F79EFBC}") = "PowerAppCDSHelper.Model", "PowerAppCDSHelper.Model\PowerAppCDSHelper.Model.csproj", "{43ECFC2F-B33A-4BF7-9E76-09ED8D242B23}"
EndProject
Global
	GlobalSection(SolutionConfigurationPlatforms) = preSolution
		Debug|Any CPU = Debug|Any CPU
		Release|Any CPU = Release|Any CPU
	EndGlobalSection
	GlobalSection(ProjectConfigurationPlatforms) = postSolution
		{6FF21379-F8B2-46B4-A60B-79AF38DECFA9}.Debug|Any CPU.ActiveCfg = Debug|Any CPU
		{6FF21379-F8B2-46B4-A60B-79AF38DECFA9}.Debug|Any CPU.Build.0 = Debug|Any CPU
		{6FF21379-F8B2-46B4-A60B-79AF38DECFA9}.Release|Any CPU.ActiveCfg = Release|Any CPU
		{6FF21379-F8B2-46B4-A60B-79AF38DECFA9}.Release|Any CPU.Build.0 = Release|Any CPU
		{43ECFC2F-B33A-4BF7-9E76-09ED8D242B23}.Debug|Any CPU.ActiveCfg = Debug|Any CPU
		{43ECFC2F-B33A-4BF7-9E76-09ED8D242B23}.Debug|Any CPU.Build.0 = Debug|Any CPU
		{43ECFC2F-B33A-4BF7-9E76-09ED8D242B23}.Release|Any CPU.ActiveCfg = Release|Any CPU
		{43ECFC2F-B33A-4BF7-9E76-09ED8D242B23}.Release|Any CPU.Build.0 = Release|Any CPU
	EndGlobalSection
	GlobalSection(SolutionProperties) = preSolution
		HideSolutionNode = FALSE
	EndGlobalSection
	GlobalSection(ExtensibilityGlobals) = postSolution
		SolutionGuid = {EE16F42C-5C72-4C90-ACC2-96B9E16998C5}
	EndGlobalSection
EndGlobal
